
Microsoft Visual Studio Solution File, Format Version 12.00
# Visual Studio Version 16
VisualStudioVersion = 16.0.31025.194
MinimumVisualStudioVersion = 10.0.40219.1
Project("{FAE04EC0-301F-11D3-BF4B-00C04F79EFBC}") = "ToDoListSoliman", "ToDoListSoliman.csproj", "{911AF789-6D70-4AB7-BFFF-81A143691C7B}"
EndProject
Global
	GlobalSection(SolutionConfigurationPlatforms) = preSolution
		Debug|Any CPU = Debug|Any CPU
		Release|Any CPU = Release|Any CPU
	EndGlobalSection
	GlobalSection(ProjectConfigurationPlatforms) = postSolution
		{911AF789-6D70-4AB7-BFFF-81A143691C7B}.Debug|Any CPU.ActiveCfg = Debug|Any CPU
		{911AF789-6D70-4AB7-BFFF-81A143691C7B}.Debug|Any CPU.Build.0 = Debug|Any CPU
		{911AF789-6D70-4AB7-BFFF-81A143691C7B}.Release|Any CPU.ActiveCfg = Release|Any CPU
		{911AF789-6D70-4AB7-BFFF-81A143691C7B}.Release|Any CPU.Build.0 = Release|Any CPU
	EndGlobalSection
	GlobalSection(SolutionProperties) = preSolution
		HideSolutionNode = FALSE
	EndGlobalSection
	GlobalSection(ExtensibilityGlobals) = postSolution
		SolutionGuid = {CCE72877-53FF-4B32-BE28-1B71F5231689}
	EndGlobalSection
EndGlobal
